
Microsoft Visual Studio Solution File, Format Version 12.00
# Visual Studio Version 16
VisualStudioVersion = 16.0.31424.327
MinimumVisualStudioVersion = 10.0.40219.1
Project("{9A19103F-16F7-4668-BE54-9A1E7A4F7556}") = "ChatRoom", "ChatRoom\ChatRoom.csproj", "{2DE24241-AA64-4D86-921A-C46E5998379D}"
EndProject
Project("{9A19103F-16F7-4668-BE54-9A1E7A4F7556}") = "SignalRWebAPI", "SignalRWebAPI\SignalRWebAPI.csproj", "{F9DEAADE-EC33-4575-848B-B2BFD69B8F54}"
EndProject
Project("{9A19103F-16F7-4668-BE54-9A1E7A4F7556}") = "ReactClientApp", "ReactClientApp\ReactClientApp.csproj", "{B088108F-06D2-437D-B763-1D1D5B677E26}"
EndProject
Project("{9A19103F-16F7-4668-BE54-9A1E7A4F7556}") = "SignalRMVCApp", "SignalRMVCApp\SignalRMVCApp.csproj", "{EFFD1AB9-B596-429D-869D-5AB2A7B249DC}"
EndProject
Global
	GlobalSection(SolutionConfigurationPlatforms) = preSolution
		Debug|Any CPU = Debug|Any CPU
		Release|Any CPU = Release|Any CPU
	EndGlobalSection
	GlobalSection(ProjectConfigurationPlatforms) = postSolution
		{2DE24241-AA64-4D86-921A-C46E5998379D}.Debug|Any CPU.ActiveCfg = Debug|Any CPU
		{2DE24241-AA64-4D86-921A-C46E5998379D}.Debug|Any CPU.Build.0 = Debug|Any CPU
		{2DE24241-AA64-4D86-921A-C46E5998379D}.Release|Any CPU.ActiveCfg = Release|Any CPU
		{2DE24241-AA64-4D86-921A-C46E5998379D}.Release|Any CPU.Build.0 = Release|Any CPU
		{F9DEAADE-EC33-4575-848B-B2BFD69B8F54}.Debug|Any CPU.ActiveCfg = Debug|Any CPU
		{F9DEAADE-EC33-4575-848B-B2BFD69B8F54}.Debug|Any CPU.Build.0 = Debug|Any CPU
		{F9DEAADE-EC33-4575-848B-B2BFD69B8F54}.Release|Any CPU.ActiveCfg = Release|Any CPU
		{F9DEAADE-EC33-4575-848B-B2BFD69B8F54}.Release|Any CPU.Build.0 = Release|Any CPU
		{B088108F-06D2-437D-B763-1D1D5B677E26}.Debug|Any CPU.ActiveCfg = Debug|Any CPU
		{B088108F-06D2-437D-B763-1D1D5B677E26}.Debug|Any CPU.Build.0 = Debug|Any CPU
		{B088108F-06D2-437D-B763-1D1D5B677E26}.Release|Any CPU.ActiveCfg = Release|Any CPU
		{B088108F-06D2-437D-B763-1D1D5B677E26}.Release|Any CPU.Build.0 = Release|Any CPU
		{EFFD1AB9-B596-429D-869D-5AB2A7B249DC}.Debug|Any CPU.ActiveCfg = Debug|Any CPU
		{EFFD1AB9-B596-429D-869D-5AB2A7B249DC}.Debug|Any CPU.Build.0 = Debug|Any CPU
		{EFFD1AB9-B596-429D-869D-5AB2A7B249DC}.Release|Any CPU.ActiveCfg = Release|Any CPU
		{EFFD1AB9-B596-429D-869D-5AB2A7B249DC}.Release|Any CPU.Build.0 = Release|Any CPU
	EndGlobalSection
	GlobalSection(SolutionProperties) = preSolution
		HideSolutionNode = FALSE
	EndGlobalSection
	GlobalSection(ExtensibilityGlobals) = postSolution
		SolutionGuid = {33C06A9F-7FD7-4935-A3E4-7EE7DBDA7DD5}
	EndGlobalSection
EndGlobal
